
Microsoft Visual Studio Solution File, Format Version 12.00
# Visual Studio Version 17
VisualStudioVersion = 17.3.32922.545
MinimumVisualStudioVersion = 10.0.40219.1
Project("{FAE04EC0-301F-11D3-BF4B-00C04F79EFBC}") = "Treacherous Modder", "Treacherous Modder.csproj", "{9202F265-74EB-42E0-AF98-3D1664DBD549}"
EndProject
Global
	GlobalSection(SolutionConfigurationPlatforms) = preSolution
		Debug|Any CPU = Debug|Any CPU
		Release|Any CPU = Release|Any CPU
	EndGlobalSection
	GlobalSection(ProjectConfigurationPlatforms) = postSolution
		{9202F265-74EB-42E0-AF98-3D1664DBD549}.Debug|Any CPU.ActiveCfg = Debug|Any CPU
		{9202F265-74EB-42E0-AF98-3D1664DBD549}.Debug|Any CPU.Build.0 = Debug|Any CPU
		{9202F265-74EB-42E0-AF98-3D1664DBD549}.Release|Any CPU.ActiveCfg = Release|Any CPU
		{9202F265-74EB-42E0-AF98-3D1664DBD549}.Release|Any CPU.Build.0 = Release|Any CPU
	EndGlobalSection
	GlobalSection(SolutionProperties) = preSolution
		HideSolutionNode = FALSE
	EndGlobalSection
	GlobalSection(ExtensibilityGlobals) = postSolution
		SolutionGuid = {CEFDA4D1-77C4-40E5-BB40-47352EA5ABDE}
	EndGlobalSection
EndGlobal
